
Microsoft Visual Studio Solution File, Format Version 12.00
# Visual Studio Version 17
VisualStudioVersion = 17.5.33627.172
MinimumVisualStudioVersion = 10.0.40219.1
Project("{FAE04EC0-301F-11D3-BF4B-00C04F79EFBC}") = "ClinicalNote", "ClinicalNote\ClinicalNote.csproj", "{AF5835EB-DDB6-47F0-9E34-903A79C912DC}"
EndProject
Global
	GlobalSection(SolutionConfigurationPlatforms) = preSolution
		Debug|Any CPU = Debug|Any CPU
		Release|Any CPU = Release|Any CPU
	EndGlobalSection
	GlobalSection(ProjectConfigurationPlatforms) = postSolution
		{AF5835EB-DDB6-47F0-9E34-903A79C912DC}.Debug|Any CPU.ActiveCfg = Debug|Any CPU
		{AF5835EB-DDB6-47F0-9E34-903A79C912DC}.Debug|Any CPU.Build.0 = Debug|Any CPU
		{AF5835EB-DDB6-47F0-9E34-903A79C912DC}.Release|Any CPU.ActiveCfg = Release|Any CPU
		{AF5835EB-DDB6-47F0-9E34-903A79C912DC}.Release|Any CPU.Build.0 = Release|Any CPU
	EndGlobalSection
	GlobalSection(SolutionProperties) = preSolution
		HideSolutionNode = FALSE
	EndGlobalSection
	GlobalSection(ExtensibilityGlobals) = postSolution
		SolutionGuid = {D0DF9524-88F2-4966-9B1A-EBD5ABA11C9F}
	EndGlobalSection
EndGlobal
